// !$*UTF8*$!
{
	archiveVersion = 1;
	classes = {
	};
	objectVersion = 56;
	objects = {

/* Begin PBXBuildFile section */
		44041E2529E5D8D60071556B /* SingleImageViewController.swift in Sources */ = {isa = PBXBuildFile; fileRef = 44041E2429E5D8D60071556B /* SingleImageViewController.swift */; };
		44041E2929E72A450071556B /* UIColor + Extensions.swift in Sources */ = {isa = PBXBuildFile; fileRef = 44041E2829E72A450071556B /* UIColor + Extensions.swift */; };
		44041E6829F3B18A0071556B /* AuthConfiguration.swift in Sources */ = {isa = PBXBuildFile; fileRef = 44041E6729F3B18A0071556B /* AuthConfiguration.swift */; };
		44041E6A29F502D00071556B /* AuthViewController.swift in Sources */ = {isa = PBXBuildFile; fileRef = 44041E6929F502D00071556B /* AuthViewController.swift */; };
		44041E6D29F50B510071556B /* WebViewViewController.swift in Sources */ = {isa = PBXBuildFile; fileRef = 44041E6C29F50B510071556B /* WebViewViewController.swift */; };
		44041E7029F596D90071556B /* WebViewViewControllerDelegate.swift in Sources */ = {isa = PBXBuildFile; fileRef = 44041E6F29F596D90071556B /* WebViewViewControllerDelegate.swift */; };
		4413B3DD29DB365D00123336 /* ProfileViewController.swift in Sources */ = {isa = PBXBuildFile; fileRef = 4413B3DC29DB365D00123336 /* ProfileViewController.swift */; };
		4414C5342A0639910021BDEC /* OAuthTokenResponseBody.swift in Sources */ = {isa = PBXBuildFile; fileRef = 4414C5332A0639910021BDEC /* OAuthTokenResponseBody.swift */; };
		4414C5362A063B820021BDEC /* OAuth2Service.swift in Sources */ = {isa = PBXBuildFile; fileRef = 4414C5352A063B820021BDEC /* OAuth2Service.swift */; };
		443955D729CA1A7D00361829 /* ImagesListCell.swift in Sources */ = {isa = PBXBuildFile; fileRef = 443955D629CA1A7D00361829 /* ImagesListCell.swift */; };
		4456D2D92A32439C00D1A792 /* ProgressHUD in Frameworks */ = {isa = PBXBuildFile; productRef = 4456D2D82A32439C00D1A792 /* ProgressHUD */; };
		4456D2DB2A38D99200D1A792 /* UIBlockingProgressHUD.swift in Sources */ = {isa = PBXBuildFile; fileRef = 4456D2DA2A38D99200D1A792 /* UIBlockingProgressHUD.swift */; };
		4456D2DD2A3DDAF600D1A792 /* ProfileService.swift in Sources */ = {isa = PBXBuildFile; fileRef = 4456D2DC2A3DDAF600D1A792 /* ProfileService.swift */; };
		4456D2DF2A3DDB3400D1A792 /* ProfileResult.swift in Sources */ = {isa = PBXBuildFile; fileRef = 4456D2DE2A3DDB3400D1A792 /* ProfileResult.swift */; };
		4456D2E12A3DE44900D1A792 /* Profile.swift in Sources */ = {isa = PBXBuildFile; fileRef = 4456D2E02A3DE44900D1A792 /* Profile.swift */; };
		4456D2E32A3F3F0A00D1A792 /* ProfileImageService.swift in Sources */ = {isa = PBXBuildFile; fileRef = 4456D2E22A3F3F0A00D1A792 /* ProfileImageService.swift */; };
		4456D2E52A3F3F3B00D1A792 /* UserResult.swift in Sources */ = {isa = PBXBuildFile; fileRef = 4456D2E42A3F3F3B00D1A792 /* UserResult.swift */; };
		4456D2E72A3F40D300D1A792 /* ProfileImageLink.swift in Sources */ = {isa = PBXBuildFile; fileRef = 4456D2E62A3F40D300D1A792 /* ProfileImageLink.swift */; };
		447A76EB2A251C0E00CBC69B /* OAuth2TokenStorage.swift in Sources */ = {isa = PBXBuildFile; fileRef = 447A76EA2A251C0E00CBC69B /* OAuth2TokenStorage.swift */; };
		447A76ED2A2E087C00CBC69B /* SplashViewController.swift in Sources */ = {isa = PBXBuildFile; fileRef = 447A76EC2A2E087C00CBC69B /* SplashViewController.swift */; };
		447A76EF2A2E582700CBC69B /* AuthViewControllerDelegate.swift in Sources */ = {isa = PBXBuildFile; fileRef = 447A76EE2A2E582700CBC69B /* AuthViewControllerDelegate.swift */; };
		447A76F12A2E6C8900CBC69B /* URLRequest + Extentions.swift in Sources */ = {isa = PBXBuildFile; fileRef = 447A76F02A2E6C8900CBC69B /* URLRequest + Extentions.swift */; };
		447A76F32A2E6D0D00CBC69B /* NetworkError.swift in Sources */ = {isa = PBXBuildFile; fileRef = 447A76F22A2E6D0D00CBC69B /* NetworkError.swift */; };
		447A76F52A2E6D4500CBC69B /* URLSession + Extensions.swift in Sources */ = {isa = PBXBuildFile; fileRef = 447A76F42A2E6D4500CBC69B /* URLSession + Extensions.swift */; };
		447DA1BA2AE8DC3C001A7057 /* WebViewViewControllerProtocol.swift in Sources */ = {isa = PBXBuildFile; fileRef = 447DA1B92AE8DC3C001A7057 /* WebViewViewControllerProtocol.swift */; };
		447DA1BC2AE8DC8D001A7057 /* WebViewPresenterProtocol.swift in Sources */ = {isa = PBXBuildFile; fileRef = 447DA1BB2AE8DC8D001A7057 /* WebViewPresenterProtocol.swift */; };
		447DA1BE2AE8DD3F001A7057 /* WebViewPresenter.swift in Sources */ = {isa = PBXBuildFile; fileRef = 447DA1BD2AE8DD3F001A7057 /* WebViewPresenter.swift */; };
		447DA1C02AE9797A001A7057 /* AuthHelperProtocol.swift in Sources */ = {isa = PBXBuildFile; fileRef = 447DA1BF2AE9797A001A7057 /* AuthHelperProtocol.swift */; };
		447DA1C22AE979AC001A7057 /* AuthHelper.swift in Sources */ = {isa = PBXBuildFile; fileRef = 447DA1C12AE979AC001A7057 /* AuthHelper.swift */; };
		447DA1CA2AE97EEA001A7057 /* WebViewTests.swift in Sources */ = {isa = PBXBuildFile; fileRef = 447DA1C92AE97EEA001A7057 /* WebViewTests.swift */; };
		447DA1D12AE98009001A7057 /* WebViewPresenterSpy.swift in Sources */ = {isa = PBXBuildFile; fileRef = 447DA1D02AE98009001A7057 /* WebViewPresenterSpy.swift */; };
		447DA1D32AE981FE001A7057 /* WebViewViewControllerSpy.swift in Sources */ = {isa = PBXBuildFile; fileRef = 447DA1D22AE981FE001A7057 /* WebViewViewControllerSpy.swift */; };
		447DA1E62AEF6B9C001A7057 /* ProfileView.swift in Sources */ = {isa = PBXBuildFile; fileRef = 447DA1E52AEF6B9C001A7057 /* ProfileView.swift */; };
		44917C142AD414320032C7BC /* ImagesListService.swift in Sources */ = {isa = PBXBuildFile; fileRef = 44917C132AD414320032C7BC /* ImagesListService.swift */; };
		44917C162AD414CA0032C7BC /* Photo.swift in Sources */ = {isa = PBXBuildFile; fileRef = 44917C152AD414CA0032C7BC /* Photo.swift */; };
		44917C182AD43E0B0032C7BC /* PhotoResult.swift in Sources */ = {isa = PBXBuildFile; fileRef = 44917C172AD43E0B0032C7BC /* PhotoResult.swift */; };
		44917C1A2AD445320032C7BC /* UrlsResult.swift in Sources */ = {isa = PBXBuildFile; fileRef = 44917C192AD445320032C7BC /* UrlsResult.swift */; };
		44917C1C2AD5349A0032C7BC /* URL + Extensions.swift in Sources */ = {isa = PBXBuildFile; fileRef = 44917C1B2AD5349A0032C7BC /* URL + Extensions.swift */; };
		44917C2B2ADC4BEF0032C7BC /* ImagesListCellDelegate.swift in Sources */ = {isa = PBXBuildFile; fileRef = 44917C2A2ADC4BEF0032C7BC /* ImagesListCellDelegate.swift */; };
		44917C2D2ADC56AF0032C7BC /* LikeUpdateResult.swift in Sources */ = {isa = PBXBuildFile; fileRef = 44917C2C2ADC56AF0032C7BC /* LikeUpdateResult.swift */; };
		44917C312AE1B2900032C7BC /* CastomActivityIndicator.swift in Sources */ = {isa = PBXBuildFile; fileRef = 44917C302AE1B2900032C7BC /* CastomActivityIndicator.swift */; };
		44D43DDA2A5344C500AA7EA0 /* Kingfisher in Frameworks */ = {isa = PBXBuildFile; productRef = 44D43DD92A5344C500AA7EA0 /* Kingfisher */; };
		44D43DDD2A546F8F00AA7EA0 /* SwiftKeychainWrapper in Frameworks */ = {isa = PBXBuildFile; productRef = 44D43DDC2A546F8F00AA7EA0 /* SwiftKeychainWrapper */; };
		44D43DDF2A54721C00AA7EA0 /* TabBarController.swift in Sources */ = {isa = PBXBuildFile; fileRef = 44D43DDE2A54721C00AA7EA0 /* TabBarController.swift */; };
		44D4FBF329AD168D008048B9 /* AppDelegate.swift in Sources */ = {isa = PBXBuildFile; fileRef = 44D4FBF229AD168D008048B9 /* AppDelegate.swift */; };
		44D4FBF529AD168D008048B9 /* SceneDelegate.swift in Sources */ = {isa = PBXBuildFile; fileRef = 44D4FBF429AD168D008048B9 /* SceneDelegate.swift */; };
		44D4FBF729AD168D008048B9 /* ImagesListViewController.swift in Sources */ = {isa = PBXBuildFile; fileRef = 44D4FBF629AD168D008048B9 /* ImagesListViewController.swift */; };
		44D4FBFA29AD168D008048B9 /* Main.storyboard in Resources */ = {isa = PBXBuildFile; fileRef = 44D4FBF829AD168D008048B9 /* Main.storyboard */; };
		44D4FBFC29AD168E008048B9 /* Assets.xcassets in Resources */ = {isa = PBXBuildFile; fileRef = 44D4FBFB29AD168E008048B9 /* Assets.xcassets */; };
		44D4FBFF29AD168E008048B9 /* LaunchScreen.storyboard in Resources */ = {isa = PBXBuildFile; fileRef = 44D4FBFD29AD168E008048B9 /* LaunchScreen.storyboard */; };
		44DA6DAB2A51BA04001634FB /* AlertPresenter.swift in Sources */ = {isa = PBXBuildFile; fileRef = 44DA6DAA2A51BA04001634FB /* AlertPresenter.swift */; };
/* End PBXBuildFile section */

/* Begin PBXContainerItemProxy section */
		447DA1CB2AE97EEA001A7057 /* PBXContainerItemProxy */ = {
			isa = PBXContainerItemProxy;
			containerPortal = 44D4FBE729AD168D008048B9 /* Project object */;
			proxyType = 1;
			remoteGlobalIDString = 44D4FBEE29AD168D008048B9;
			remoteInfo = YaImageFeed;
		};
/* End PBXContainerItemProxy section */

/* Begin PBXFileReference section */
		44041E2429E5D8D60071556B /* SingleImageViewController.swift */ = {isa = PBXFileReference; lastKnownFileType = sourcecode.swift; path = SingleImageViewController.swift; sourceTree = "<group>"; };
		44041E2829E72A450071556B /* UIColor + Extensions.swift */ = {isa = PBXFileReference; lastKnownFileType = sourcecode.swift; path = "UIColor + Extensions.swift"; sourceTree = "<group>"; };
		44041E6729F3B18A0071556B /* AuthConfiguration.swift */ = {isa = PBXFileReference; lastKnownFileType = sourcecode.swift; path = AuthConfiguration.swift; sourceTree = "<group>"; };
		44041E6929F502D00071556B /* AuthViewController.swift */ = {isa = PBXFileReference; lastKnownFileType = sourcecode.swift; path = AuthViewController.swift; sourceTree = "<group>"; };
		44041E6C29F50B510071556B /* WebViewViewController.swift */ = {isa = PBXFileReference; lastKnownFileType = sourcecode.swift; path = WebViewViewController.swift; sourceTree = "<group>"; };
		44041E6F29F596D90071556B /* WebViewViewControllerDelegate.swift */ = {isa = PBXFileReference; lastKnownFileType = sourcecode.swift; path = WebViewViewControllerDelegate.swift; sourceTree = "<group>"; };
		4413B3DC29DB365D00123336 /* ProfileViewController.swift */ = {isa = PBXFileReference; lastKnownFileType = sourcecode.swift; path = ProfileViewController.swift; sourceTree = "<group>"; };
		4414C5332A0639910021BDEC /* OAuthTokenResponseBody.swift */ = {isa = PBXFileReference; lastKnownFileType = sourcecode.swift; path = OAuthTokenResponseBody.swift; sourceTree = "<group>"; };
		4414C5352A063B820021BDEC /* OAuth2Service.swift */ = {isa = PBXFileReference; lastKnownFileType = sourcecode.swift; path = OAuth2Service.swift; sourceTree = "<group>"; };
		443955D629CA1A7D00361829 /* ImagesListCell.swift */ = {isa = PBXFileReference; lastKnownFileType = sourcecode.swift; path = ImagesListCell.swift; sourceTree = "<group>"; };
		4456D2DA2A38D99200D1A792 /* UIBlockingProgressHUD.swift */ = {isa = PBXFileReference; lastKnownFileType = sourcecode.swift; path = UIBlockingProgressHUD.swift; sourceTree = "<group>"; };
		4456D2DC2A3DDAF600D1A792 /* ProfileService.swift */ = {isa = PBXFileReference; lastKnownFileType = sourcecode.swift; path = ProfileService.swift; sourceTree = "<group>"; };
		4456D2DE2A3DDB3400D1A792 /* ProfileResult.swift */ = {isa = PBXFileReference; lastKnownFileType = sourcecode.swift; path = ProfileResult.swift; sourceTree = "<group>"; };
		4456D2E02A3DE44900D1A792 /* Profile.swift */ = {isa = PBXFileReference; lastKnownFileType = sourcecode.swift; path = Profile.swift; sourceTree = "<group>"; };
		4456D2E22A3F3F0A00D1A792 /* ProfileImageService.swift */ = {isa = PBXFileReference; lastKnownFileType = sourcecode.swift; path = ProfileImageService.swift; sourceTree = "<group>"; };
		4456D2E42A3F3F3B00D1A792 /* UserResult.swift */ = {isa = PBXFileReference; lastKnownFileType = sourcecode.swift; path = UserResult.swift; sourceTree = "<group>"; };
		4456D2E62A3F40D300D1A792 /* ProfileImageLink.swift */ = {isa = PBXFileReference; lastKnownFileType = sourcecode.swift; path = ProfileImageLink.swift; sourceTree = "<group>"; };
		447A76EA2A251C0E00CBC69B /* OAuth2TokenStorage.swift */ = {isa = PBXFileReference; lastKnownFileType = sourcecode.swift; path = OAuth2TokenStorage.swift; sourceTree = "<group>"; };
		447A76EC2A2E087C00CBC69B /* SplashViewController.swift */ = {isa = PBXFileReference; lastKnownFileType = sourcecode.swift; path = SplashViewController.swift; sourceTree = "<group>"; };
		447A76EE2A2E582700CBC69B /* AuthViewControllerDelegate.swift */ = {isa = PBXFileReference; lastKnownFileType = sourcecode.swift; path = AuthViewControllerDelegate.swift; sourceTree = "<group>"; };
		447A76F02A2E6C8900CBC69B /* URLRequest + Extentions.swift */ = {isa = PBXFileReference; lastKnownFileType = sourcecode.swift; path = "URLRequest + Extentions.swift"; sourceTree = "<group>"; };
		447A76F22A2E6D0D00CBC69B /* NetworkError.swift */ = {isa = PBXFileReference; lastKnownFileType = sourcecode.swift; path = NetworkError.swift; sourceTree = "<group>"; };
		447A76F42A2E6D4500CBC69B /* URLSession + Extensions.swift */ = {isa = PBXFileReference; lastKnownFileType = sourcecode.swift; path = "URLSession + Extensions.swift"; sourceTree = "<group>"; };
		447DA1B92AE8DC3C001A7057 /* WebViewViewControllerProtocol.swift */ = {isa = PBXFileReference; lastKnownFileType = sourcecode.swift; path = WebViewViewControllerProtocol.swift; sourceTree = "<group>"; };
		447DA1BB2AE8DC8D001A7057 /* WebViewPresenterProtocol.swift */ = {isa = PBXFileReference; lastKnownFileType = sourcecode.swift; path = WebViewPresenterProtocol.swift; sourceTree = "<group>"; };
		447DA1BD2AE8DD3F001A7057 /* WebViewPresenter.swift */ = {isa = PBXFileReference; lastKnownFileType = sourcecode.swift; path = WebViewPresenter.swift; sourceTree = "<group>"; };
		447DA1BF2AE9797A001A7057 /* AuthHelperProtocol.swift */ = {isa = PBXFileReference; lastKnownFileType = sourcecode.swift; path = AuthHelperProtocol.swift; sourceTree = "<group>"; };
		447DA1C12AE979AC001A7057 /* AuthHelper.swift */ = {isa = PBXFileReference; lastKnownFileType = sourcecode.swift; path = AuthHelper.swift; sourceTree = "<group>"; };
		447DA1C72AE97EEA001A7057 /* YaImageFeedTests.xctest */ = {isa = PBXFileReference; explicitFileType = wrapper.cfbundle; includeInIndex = 0; path = YaImageFeedTests.xctest; sourceTree = BUILT_PRODUCTS_DIR; };
		447DA1C92AE97EEA001A7057 /* WebViewTests.swift */ = {isa = PBXFileReference; lastKnownFileType = sourcecode.swift; path = WebViewTests.swift; sourceTree = "<group>"; };
		447DA1D02AE98009001A7057 /* WebViewPresenterSpy.swift */ = {isa = PBXFileReference; lastKnownFileType = sourcecode.swift; path = WebViewPresenterSpy.swift; sourceTree = "<group>"; };
		447DA1D22AE981FE001A7057 /* WebViewViewControllerSpy.swift */ = {isa = PBXFileReference; lastKnownFileType = sourcecode.swift; path = WebViewViewControllerSpy.swift; sourceTree = "<group>"; };
		447DA1E52AEF6B9C001A7057 /* ProfileView.swift */ = {isa = PBXFileReference; lastKnownFileType = sourcecode.swift; path = ProfileView.swift; sourceTree = "<group>"; };
		44917C132AD414320032C7BC /* ImagesListService.swift */ = {isa = PBXFileReference; lastKnownFileType = sourcecode.swift; path = ImagesListService.swift; sourceTree = "<group>"; };
		44917C152AD414CA0032C7BC /* Photo.swift */ = {isa = PBXFileReference; lastKnownFileType = sourcecode.swift; path = Photo.swift; sourceTree = "<group>"; };
		44917C172AD43E0B0032C7BC /* PhotoResult.swift */ = {isa = PBXFileReference; lastKnownFileType = sourcecode.swift; path = PhotoResult.swift; sourceTree = "<group>"; };
		44917C192AD445320032C7BC /* UrlsResult.swift */ = {isa = PBXFileReference; lastKnownFileType = sourcecode.swift; path = UrlsResult.swift; sourceTree = "<group>"; };
		44917C1B2AD5349A0032C7BC /* URL + Extensions.swift */ = {isa = PBXFileReference; lastKnownFileType = sourcecode.swift; path = "URL + Extensions.swift"; sourceTree = "<group>"; };
		44917C2A2ADC4BEF0032C7BC /* ImagesListCellDelegate.swift */ = {isa = PBXFileReference; lastKnownFileType = sourcecode.swift; path = ImagesListCellDelegate.swift; sourceTree = "<group>"; };
		44917C2C2ADC56AF0032C7BC /* LikeUpdateResult.swift */ = {isa = PBXFileReference; lastKnownFileType = sourcecode.swift; path = LikeUpdateResult.swift; sourceTree = "<group>"; };
		44917C302AE1B2900032C7BC /* CastomActivityIndicator.swift */ = {isa = PBXFileReference; lastKnownFileType = sourcecode.swift; path = CastomActivityIndicator.swift; sourceTree = "<group>"; };
		44D43DDE2A54721C00AA7EA0 /* TabBarController.swift */ = {isa = PBXFileReference; lastKnownFileType = sourcecode.swift; path = TabBarController.swift; sourceTree = "<group>"; };
		44D4FBEF29AD168D008048B9 /* YaImageFeed.app */ = {isa = PBXFileReference; explicitFileType = wrapper.application; includeInIndex = 0; path = YaImageFeed.app; sourceTree = BUILT_PRODUCTS_DIR; };
		44D4FBF229AD168D008048B9 /* AppDelegate.swift */ = {isa = PBXFileReference; lastKnownFileType = sourcecode.swift; path = AppDelegate.swift; sourceTree = "<group>"; };
		44D4FBF429AD168D008048B9 /* SceneDelegate.swift */ = {isa = PBXFileReference; lastKnownFileType = sourcecode.swift; path = SceneDelegate.swift; sourceTree = "<group>"; };
		44D4FBF629AD168D008048B9 /* ImagesListViewController.swift */ = {isa = PBXFileReference; lastKnownFileType = sourcecode.swift; path = ImagesListViewController.swift; sourceTree = "<group>"; };
		44D4FBF929AD168D008048B9 /* Base */ = {isa = PBXFileReference; lastKnownFileType = file.storyboard; name = Base; path = Base.lproj/Main.storyboard; sourceTree = "<group>"; };
		44D4FBFB29AD168E008048B9 /* Assets.xcassets */ = {isa = PBXFileReference; lastKnownFileType = folder.assetcatalog; path = Assets.xcassets; sourceTree = "<group>"; };
		44D4FBFE29AD168E008048B9 /* Base */ = {isa = PBXFileReference; lastKnownFileType = file.storyboard; name = Base; path = Base.lproj/LaunchScreen.storyboard; sourceTree = "<group>"; };
		44D4FC0029AD168E008048B9 /* Info.plist */ = {isa = PBXFileReference; lastKnownFileType = text.plist.xml; path = Info.plist; sourceTree = "<group>"; };
		44DA6DAA2A51BA04001634FB /* AlertPresenter.swift */ = {isa = PBXFileReference; lastKnownFileType = sourcecode.swift; path = AlertPresenter.swift; sourceTree = "<group>"; };
/* End PBXFileReference section */

/* Begin PBXFrameworksBuildPhase section */
		447DA1C42AE97EEA001A7057 /* Frameworks */ = {
			isa = PBXFrameworksBuildPhase;
			buildActionMask = 2147483647;
			files = (
			);
			runOnlyForDeploymentPostprocessing = 0;
		};
		44D4FBEC29AD168D008048B9 /* Frameworks */ = {
			isa = PBXFrameworksBuildPhase;
			buildActionMask = 2147483647;
			files = (
				44D43DDA2A5344C500AA7EA0 /* Kingfisher in Frameworks */,
				4456D2D92A32439C00D1A792 /* ProgressHUD in Frameworks */,
				44D43DDD2A546F8F00AA7EA0 /* SwiftKeychainWrapper in Frameworks */,
			);
			runOnlyForDeploymentPostprocessing = 0;
		};
/* End PBXFrameworksBuildPhase section */

/* Begin PBXGroup section */
		44041E2729E72A050071556B /* Extensions */ = {
			isa = PBXGroup;
			children = (
				44041E2829E72A450071556B /* UIColor + Extensions.swift */,
				447A76F02A2E6C8900CBC69B /* URLRequest + Extentions.swift */,
				447A76F42A2E6D4500CBC69B /* URLSession + Extensions.swift */,
				44917C1B2AD5349A0032C7BC /* URL + Extensions.swift */,
			);
			path = Extensions;
			sourceTree = "<group>";
		};
		44041E6629F3B1600071556B /* Security */ = {
			isa = PBXGroup;
			children = (
				44041E6729F3B18A0071556B /* AuthConfiguration.swift */,
			);
			path = Security;
			sourceTree = "<group>";
		};
		44041E6E29F596C00071556B /* Services */ = {
			isa = PBXGroup;
			children = (
				4414C5352A063B820021BDEC /* OAuth2Service.swift */,
				4456D2DA2A38D99200D1A792 /* UIBlockingProgressHUD.swift */,
				4456D2E22A3F3F0A00D1A792 /* ProfileImageService.swift */,
				44DA6DAA2A51BA04001634FB /* AlertPresenter.swift */,
				44917C302AE1B2900032C7BC /* CastomActivityIndicator.swift */,
				447DA1C12AE979AC001A7057 /* AuthHelper.swift */,
			);
			path = Services;
			sourceTree = "<group>";
		};
		4414C5322A0639670021BDEC /* Models */ = {
			isa = PBXGroup;
			children = (
				4414C5332A0639910021BDEC /* OAuthTokenResponseBody.swift */,
				447A76F22A2E6D0D00CBC69B /* NetworkError.swift */,
				447A76EA2A251C0E00CBC69B /* OAuth2TokenStorage.swift */,
				4456D2DE2A3DDB3400D1A792 /* ProfileResult.swift */,
				4456D2E02A3DE44900D1A792 /* Profile.swift */,
				4456D2E42A3F3F3B00D1A792 /* UserResult.swift */,
				4456D2E62A3F40D300D1A792 /* ProfileImageLink.swift */,
				44917C152AD414CA0032C7BC /* Photo.swift */,
				44917C172AD43E0B0032C7BC /* PhotoResult.swift */,
				44917C192AD445320032C7BC /* UrlsResult.swift */,
				44917C2C2ADC56AF0032C7BC /* LikeUpdateResult.swift */,
			);
			path = Models;
			sourceTree = "<group>";
		};
		443955D829CA1AA600361829 /* Cells */ = {
			isa = PBXGroup;
			children = (
				443955D629CA1A7D00361829 /* ImagesListCell.swift */,
			);
			path = Cells;
			sourceTree = "<group>";
		};
		447A76F62A2E6EC800CBC69B /* ViewControllers */ = {
			isa = PBXGroup;
			children = (
				447DA1E32AEB1121001A7057 /* ImageListView */,
				447DA1E22AEB10F4001A7057 /* ProfileView */,
				447DA1B72AE8DB46001A7057 /* AuthAndWebView */,
				447A76EC2A2E087C00CBC69B /* SplashViewController.swift */,
				44041E2429E5D8D60071556B /* SingleImageViewController.swift */,
				44D43DDE2A54721C00AA7EA0 /* TabBarController.swift */,
			);
			path = ViewControllers;
			sourceTree = "<group>";
		};
		447DA1B72AE8DB46001A7057 /* AuthAndWebView */ = {
			isa = PBXGroup;
			children = (
				44041E6929F502D00071556B /* AuthViewController.swift */,
				44041E6C29F50B510071556B /* WebViewViewController.swift */,
				447DA1BD2AE8DD3F001A7057 /* WebViewPresenter.swift */,
			);
			path = AuthAndWebView;
			sourceTree = "<group>";
		};
		447DA1B82AE8DC0C001A7057 /* Protocols */ = {
			isa = PBXGroup;
			children = (
				447DA1B92AE8DC3C001A7057 /* WebViewViewControllerProtocol.swift */,
				447DA1BB2AE8DC8D001A7057 /* WebViewPresenterProtocol.swift */,
				447DA1BF2AE9797A001A7057 /* AuthHelperProtocol.swift */,
			);
			path = Protocols;
			sourceTree = "<group>";
		};
		447DA1C82AE97EEA001A7057 /* YaImageFeedTests */ = {
			isa = PBXGroup;
			children = (
				447DA1C92AE97EEA001A7057 /* WebViewTests.swift */,
				447DA1D02AE98009001A7057 /* WebViewPresenterSpy.swift */,
				447DA1D22AE981FE001A7057 /* WebViewViewControllerSpy.swift */,
			);
			path = YaImageFeedTests;
			sourceTree = "<group>";
		};
		447DA1E22AEB10F4001A7057 /* ProfileView */ = {
			isa = PBXGroup;
			children = (
				4413B3DC29DB365D00123336 /* ProfileViewController.swift */,
				4456D2DC2A3DDAF600D1A792 /* ProfileService.swift */,
				447DA1E52AEF6B9C001A7057 /* ProfileView.swift */,
			);
			path = ProfileView;
			sourceTree = "<group>";
		};
		447DA1E32AEB1121001A7057 /* ImageListView */ = {
			isa = PBXGroup;
			children = (
				44D4FBF629AD168D008048B9 /* ImagesListViewController.swift */,
				44917C132AD414320032C7BC /* ImagesListService.swift */,
			);
			path = ImageListView;
			sourceTree = "<group>";
		};
		447DA1E42AEB1175001A7057 /* Delegates */ = {
			isa = PBXGroup;
			children = (
				44041E6F29F596D90071556B /* WebViewViewControllerDelegate.swift */,
				447A76EE2A2E582700CBC69B /* AuthViewControllerDelegate.swift */,
				44917C2A2ADC4BEF0032C7BC /* ImagesListCellDelegate.swift */,
			);
			path = Delegates;
			sourceTree = "<group>";
		};
		44D4FBE629AD168D008048B9 = {
			isa = PBXGroup;
			children = (
				44D4FBF129AD168D008048B9 /* YaImageFeed */,
				447DA1C82AE97EEA001A7057 /* YaImageFeedTests */,
				44D4FBF029AD168D008048B9 /* Products */,
			);
			sourceTree = "<group>";
		};
		44D4FBF029AD168D008048B9 /* Products */ = {
			isa = PBXGroup;
			children = (
				44D4FBEF29AD168D008048B9 /* YaImageFeed.app */,
				447DA1C72AE97EEA001A7057 /* YaImageFeedTests.xctest */,
			);
			name = Products;
			sourceTree = "<group>";
		};
		44D4FBF129AD168D008048B9 /* YaImageFeed */ = {
			isa = PBXGroup;
			children = (
				447DA1E42AEB1175001A7057 /* Delegates */,
				447DA1B82AE8DC0C001A7057 /* Protocols */,
				447A76F62A2E6EC800CBC69B /* ViewControllers */,
				4414C5322A0639670021BDEC /* Models */,
				44041E6E29F596C00071556B /* Services */,
				44041E6629F3B1600071556B /* Security */,
				44041E2729E72A050071556B /* Extensions */,
				443955D829CA1AA600361829 /* Cells */,
				44D4FBF229AD168D008048B9 /* AppDelegate.swift */,
				44D4FBF429AD168D008048B9 /* SceneDelegate.swift */,
				44D4FBF829AD168D008048B9 /* Main.storyboard */,
				44D4FBFB29AD168E008048B9 /* Assets.xcassets */,
				44D4FBFD29AD168E008048B9 /* LaunchScreen.storyboard */,
				44D4FC0029AD168E008048B9 /* Info.plist */,
			);
			path = YaImageFeed;
			sourceTree = "<group>";
		};
/* End PBXGroup section */

/* Begin PBXNativeTarget section */
		447DA1C62AE97EEA001A7057 /* YaImageFeedTests */ = {
			isa = PBXNativeTarget;
			buildConfigurationList = 447DA1CD2AE97EEA001A7057 /* Build configuration list for PBXNativeTarget "YaImageFeedTests" */;
			buildPhases = (
				447DA1C32AE97EEA001A7057 /* Sources */,
				447DA1C42AE97EEA001A7057 /* Frameworks */,
				447DA1C52AE97EEA001A7057 /* Resources */,
			);
			buildRules = (
			);
			dependencies = (
				447DA1CC2AE97EEA001A7057 /* PBXTargetDependency */,
			);
			name = YaImageFeedTests;
			productName = YaImageFeedTests;
			productReference = 447DA1C72AE97EEA001A7057 /* YaImageFeedTests.xctest */;
			productType = "com.apple.product-type.bundle.unit-test";
		};
		44D4FBEE29AD168D008048B9 /* YaImageFeed */ = {
			isa = PBXNativeTarget;
			buildConfigurationList = 44D4FC0329AD168E008048B9 /* Build configuration list for PBXNativeTarget "YaImageFeed" */;
			buildPhases = (
				44D4FBEB29AD168D008048B9 /* Sources */,
				44D4FBEC29AD168D008048B9 /* Frameworks */,
				44D4FBED29AD168D008048B9 /* Resources */,
			);
			buildRules = (
			);
			dependencies = (
			);
			name = YaImageFeed;
			packageProductDependencies = (
				4456D2D82A32439C00D1A792 /* ProgressHUD */,
				44D43DD92A5344C500AA7EA0 /* Kingfisher */,
				44D43DDC2A546F8F00AA7EA0 /* SwiftKeychainWrapper */,
			);
			productName = YaImageFeed;
			productReference = 44D4FBEF29AD168D008048B9 /* YaImageFeed.app */;
			productType = "com.apple.product-type.application";
		};
/* End PBXNativeTarget section */

/* Begin PBXProject section */
		44D4FBE729AD168D008048B9 /* Project object */ = {
			isa = PBXProject;
			attributes = {
				BuildIndependentTargetsInParallel = 1;
				LastSwiftUpdateCheck = 1430;
				LastUpgradeCheck = 1410;
				TargetAttributes = {
					447DA1C62AE97EEA001A7057 = {
						CreatedOnToolsVersion = 14.3;
						TestTargetID = 44D4FBEE29AD168D008048B9;
					};
					44D4FBEE29AD168D008048B9 = {
						CreatedOnToolsVersion = 14.1;
					};
				};
			};
			buildConfigurationList = 44D4FBEA29AD168D008048B9 /* Build configuration list for PBXProject "YaImageFeed" */;
			compatibilityVersion = "Xcode 14.0";
			developmentRegion = en;
			hasScannedForEncodings = 0;
			knownRegions = (
				en,
				Base,
			);
			mainGroup = 44D4FBE629AD168D008048B9;
			packageReferences = (
				4456D2D72A32439C00D1A792 /* XCRemoteSwiftPackageReference "ProgressHUD" */,
				44D43DD82A5344C500AA7EA0 /* XCRemoteSwiftPackageReference "Kingfisher" */,
				44D43DDB2A546F8F00AA7EA0 /* XCRemoteSwiftPackageReference "SwiftKeychainWrapper" */,
			);
			productRefGroup = 44D4FBF029AD168D008048B9 /* Products */;
			projectDirPath = "";
			projectRoot = "";
			targets = (
				44D4FBEE29AD168D008048B9 /* YaImageFeed */,
				447DA1C62AE97EEA001A7057 /* YaImageFeedTests */,
			);
		};
/* End PBXProject section */

/* Begin PBXResourcesBuildPhase section */
		447DA1C52AE97EEA001A7057 /* Resources */ = {
			isa = PBXResourcesBuildPhase;
			buildActionMask = 2147483647;
			files = (
			);
			runOnlyForDeploymentPostprocessing = 0;
		};
		44D4FBED29AD168D008048B9 /* Resources */ = {
			isa = PBXResourcesBuildPhase;
			buildActionMask = 2147483647;
			files = (
				44D4FBFF29AD168E008048B9 /* LaunchScreen.storyboard in Resources */,
				44D4FBFC29AD168E008048B9 /* Assets.xcassets in Resources */,
				44D4FBFA29AD168D008048B9 /* Main.storyboard in Resources */,
			);
			runOnlyForDeploymentPostprocessing = 0;
		};
/* End PBXResourcesBuildPhase section */

/* Begin PBXSourcesBuildPhase section */
		447DA1C32AE97EEA001A7057 /* Sources */ = {
			isa = PBXSourcesBuildPhase;
			buildActionMask = 2147483647;
			files = (
				447DA1CA2AE97EEA001A7057 /* WebViewTests.swift in Sources */,
				447DA1D32AE981FE001A7057 /* WebViewViewControllerSpy.swift in Sources */,
				447DA1D12AE98009001A7057 /* WebViewPresenterSpy.swift in Sources */,
			);
			runOnlyForDeploymentPostprocessing = 0;
		};
		44D4FBEB29AD168D008048B9 /* Sources */ = {
			isa = PBXSourcesBuildPhase;
			buildActionMask = 2147483647;
			files = (
				4456D2DF2A3DDB3400D1A792 /* ProfileResult.swift in Sources */,
				44041E6D29F50B510071556B /* WebViewViewController.swift in Sources */,
				44917C1C2AD5349A0032C7BC /* URL + Extensions.swift in Sources */,
				44D4FBF729AD168D008048B9 /* ImagesListViewController.swift in Sources */,
				4456D2E72A3F40D300D1A792 /* ProfileImageLink.swift in Sources */,
				4414C5362A063B820021BDEC /* OAuth2Service.swift in Sources */,
				44DA6DAB2A51BA04001634FB /* AlertPresenter.swift in Sources */,
				4456D2DB2A38D99200D1A792 /* UIBlockingProgressHUD.swift in Sources */,
				4414C5342A0639910021BDEC /* OAuthTokenResponseBody.swift in Sources */,
				443955D729CA1A7D00361829 /* ImagesListCell.swift in Sources */,
				4413B3DD29DB365D00123336 /* ProfileViewController.swift in Sources */,
				4456D2E52A3F3F3B00D1A792 /* UserResult.swift in Sources */,
				44917C2B2ADC4BEF0032C7BC /* ImagesListCellDelegate.swift in Sources */,
				447DA1BE2AE8DD3F001A7057 /* WebViewPresenter.swift in Sources */,
				447A76EB2A251C0E00CBC69B /* OAuth2TokenStorage.swift in Sources */,
				4456D2E32A3F3F0A00D1A792 /* ProfileImageService.swift in Sources */,
				44041E2929E72A450071556B /* UIColor + Extensions.swift in Sources */,
				44D4FBF329AD168D008048B9 /* AppDelegate.swift in Sources */,
				44917C182AD43E0B0032C7BC /* PhotoResult.swift in Sources */,
				44917C1A2AD445320032C7BC /* UrlsResult.swift in Sources */,
				447A76ED2A2E087C00CBC69B /* SplashViewController.swift in Sources */,
				447DA1BC2AE8DC8D001A7057 /* WebViewPresenterProtocol.swift in Sources */,
				44041E2529E5D8D60071556B /* SingleImageViewController.swift in Sources */,
				447DA1C02AE9797A001A7057 /* AuthHelperProtocol.swift in Sources */,
				447DA1C22AE979AC001A7057 /* AuthHelper.swift in Sources */,
				44917C2D2ADC56AF0032C7BC /* LikeUpdateResult.swift in Sources */,
				44917C142AD414320032C7BC /* ImagesListService.swift in Sources */,
				447A76F52A2E6D4500CBC69B /* URLSession + Extensions.swift in Sources */,
				44041E7029F596D90071556B /* WebViewViewControllerDelegate.swift in Sources */,
				44917C312AE1B2900032C7BC /* CastomActivityIndicator.swift in Sources */,
				4456D2E12A3DE44900D1A792 /* Profile.swift in Sources */,
				447DA1BA2AE8DC3C001A7057 /* WebViewViewControllerProtocol.swift in Sources */,
				447A76F12A2E6C8900CBC69B /* URLRequest + Extentions.swift in Sources */,
				44D4FBF529AD168D008048B9 /* SceneDelegate.swift in Sources */,
				44041E6A29F502D00071556B /* AuthViewController.swift in Sources */,
				44917C162AD414CA0032C7BC /* Photo.swift in Sources */,
				447A76F32A2E6D0D00CBC69B /* NetworkError.swift in Sources */,
				447A76EF2A2E582700CBC69B /* AuthViewControllerDelegate.swift in Sources */,
				44D43DDF2A54721C00AA7EA0 /* TabBarController.swift in Sources */,
				44041E6829F3B18A0071556B /* AuthConfiguration.swift in Sources */,
				447DA1E62AEF6B9C001A7057 /* ProfileView.swift in Sources */,
				4456D2DD2A3DDAF600D1A792 /* ProfileService.swift in Sources */,
			);
			runOnlyForDeploymentPostprocessing = 0;
		};
/* End PBXSourcesBuildPhase section */

/* Begin PBXTargetDependency section */
		447DA1CC2AE97EEA001A7057 /* PBXTargetDependency */ = {
			isa = PBXTargetDependency;
			target = 44D4FBEE29AD168D008048B9 /* YaImageFeed */;
			targetProxy = 447DA1CB2AE97EEA001A7057 /* PBXContainerItemProxy */;
		};
/* End PBXTargetDependency section */

/* Begin PBXVariantGroup section */
		44D4FBF829AD168D008048B9 /* Main.storyboard */ = {
			isa = PBXVariantGroup;
			children = (
				44D4FBF929AD168D008048B9 /* Base */,
			);
			name = Main.storyboard;
			sourceTree = "<group>";
		};
		44D4FBFD29AD168E008048B9 /* LaunchScreen.storyboard */ = {
			isa = PBXVariantGroup;
			children = (
				44D4FBFE29AD168E008048B9 /* Base */,
			);
			name = LaunchScreen.storyboard;
			sourceTree = "<group>";
		};
/* End PBXVariantGroup section */

/* Begin XCBuildConfiguration section */
		447DA1CE2AE97EEA001A7057 /* Debug */ = {
			isa = XCBuildConfiguration;
			buildSettings = {
				BUNDLE_LOADER = "$(TEST_HOST)";
				CODE_SIGN_STYLE = Automatic;
				CURRENT_PROJECT_VERSION = 1;
				DEVELOPMENT_TEAM = D7FY7X5Y84;
				GENERATE_INFOPLIST_FILE = YES;
				IPHONEOS_DEPLOYMENT_TARGET = 16.4;
				MARKETING_VERSION = 1.0;
				PRODUCT_BUNDLE_IDENTIFIER = Selick.YaImageFeedTests;
				PRODUCT_NAME = "$(TARGET_NAME)";
				SWIFT_EMIT_LOC_STRINGS = NO;
				SWIFT_VERSION = 5.0;
				TARGETED_DEVICE_FAMILY = "1,2";
				TEST_HOST = "$(BUILT_PRODUCTS_DIR)/YaImageFeed.app/$(BUNDLE_EXECUTABLE_FOLDER_PATH)/YaImageFeed";
			};
			name = Debug;
		};
		447DA1CF2AE97EEA001A7057 /* Release */ = {
			isa = XCBuildConfiguration;
			buildSettings = {
				BUNDLE_LOADER = "$(TEST_HOST)";
				CODE_SIGN_STYLE = Automatic;
				CURRENT_PROJECT_VERSION = 1;
				DEVELOPMENT_TEAM = D7FY7X5Y84;
				GENERATE_INFOPLIST_FILE = YES;
				IPHONEOS_DEPLOYMENT_TARGET = 16.4;
				MARKETING_VERSION = 1.0;
				PRODUCT_BUNDLE_IDENTIFIER = Selick.YaImageFeedTests;
				PRODUCT_NAME = "$(TARGET_NAME)";
				SWIFT_EMIT_LOC_STRINGS = NO;
				SWIFT_VERSION = 5.0;
				TARGETED_DEVICE_FAMILY = "1,2";
				TEST_HOST = "$(BUILT_PRODUCTS_DIR)/YaImageFeed.app/$(BUNDLE_EXECUTABLE_FOLDER_PATH)/YaImageFeed";
			};
			name = Release;
		};
		44D4FC0129AD168E008048B9 /* Debug */ = {
			isa = XCBuildConfiguration;
			buildSettings = {
				ALWAYS_SEARCH_USER_PATHS = NO;
				CLANG_ANALYZER_NONNULL = YES;
				CLANG_ANALYZER_NUMBER_OBJECT_CONVERSION = YES_AGGRESSIVE;
				CLANG_CXX_LANGUAGE_STANDARD = "gnu++20";
				CLANG_ENABLE_MODULES = YES;
				CLANG_ENABLE_OBJC_ARC = YES;
				CLANG_ENABLE_OBJC_WEAK = YES;
				CLANG_WARN_BLOCK_CAPTURE_AUTORELEASING = YES;
				CLANG_WARN_BOOL_CONVERSION = YES;
				CLANG_WARN_COMMA = YES;
				CLANG_WARN_CONSTANT_CONVERSION = YES;
				CLANG_WARN_DEPRECATED_OBJC_IMPLEMENTATIONS = YES;
				CLANG_WARN_DIRECT_OBJC_ISA_USAGE = YES_ERROR;
				CLANG_WARN_DOCUMENTATION_COMMENTS = YES;
				CLANG_WARN_EMPTY_BODY = YES;
				CLANG_WARN_ENUM_CONVERSION = YES;
				CLANG_WARN_INFINITE_RECURSION = YES;
				CLANG_WARN_INT_CONVERSION = YES;
				CLANG_WARN_NON_LITERAL_NULL_CONVERSION = YES;
				CLANG_WARN_OBJC_IMPLICIT_RETAIN_SELF = YES;
				CLANG_WARN_OBJC_LITERAL_CONVERSION = YES;
				CLANG_WARN_OBJC_ROOT_CLASS = YES_ERROR;
				CLANG_WARN_QUOTED_INCLUDE_IN_FRAMEWORK_HEADER = YES;
				CLANG_WARN_RANGE_LOOP_ANALYSIS = YES;
				CLANG_WARN_STRICT_PROTOTYPES = YES;
				CLANG_WARN_SUSPICIOUS_MOVE = YES;
				CLANG_WARN_UNGUARDED_AVAILABILITY = YES_AGGRESSIVE;
				CLANG_WARN_UNREACHABLE_CODE = YES;
				CLANG_WARN__DUPLICATE_METHOD_MATCH = YES;
				COPY_PHASE_STRIP = NO;
				DEBUG_INFORMATION_FORMAT = dwarf;
				ENABLE_STRICT_OBJC_MSGSEND = YES;
				ENABLE_TESTABILITY = YES;
				GCC_C_LANGUAGE_STANDARD = gnu11;
				GCC_DYNAMIC_NO_PIC = NO;
				GCC_NO_COMMON_BLOCKS = YES;
				GCC_OPTIMIZATION_LEVEL = 0;
				GCC_PREPROCESSOR_DEFINITIONS = (
					"DEBUG=1",
					"$(inherited)",
				);
				GCC_WARN_64_TO_32_BIT_CONVERSION = YES;
				GCC_WARN_ABOUT_RETURN_TYPE = YES_ERROR;
				GCC_WARN_UNDECLARED_SELECTOR = YES;
				GCC_WARN_UNINITIALIZED_AUTOS = YES_AGGRESSIVE;
				GCC_WARN_UNUSED_FUNCTION = YES;
				GCC_WARN_UNUSED_VARIABLE = YES;
				IPHONEOS_DEPLOYMENT_TARGET = 16.1;
				MTL_ENABLE_DEBUG_INFO = INCLUDE_SOURCE;
				MTL_FAST_MATH = YES;
				ONLY_ACTIVE_ARCH = YES;
				SDKROOT = iphoneos;
				SWIFT_ACTIVE_COMPILATION_CONDITIONS = DEBUG;
				SWIFT_OPTIMIZATION_LEVEL = "-Onone";
			};
			name = Debug;
		};
		44D4FC0229AD168E008048B9 /* Release */ = {
			isa = XCBuildConfiguration;
			buildSettings = {
				ALWAYS_SEARCH_USER_PATHS = NO;
				CLANG_ANALYZER_NONNULL = YES;
				CLANG_ANALYZER_NUMBER_OBJECT_CONVERSION = YES_AGGRESSIVE;
				CLANG_CXX_LANGUAGE_STANDARD = "gnu++20";
				CLANG_ENABLE_MODULES = YES;
				CLANG_ENABLE_OBJC_ARC = YES;
				CLANG_ENABLE_OBJC_WEAK = YES;
				CLANG_WARN_BLOCK_CAPTURE_AUTORELEASING = YES;
				CLANG_WARN_BOOL_CONVERSION = YES;
				CLANG_WARN_COMMA = YES;
				CLANG_WARN_CONSTANT_CONVERSION = YES;
				CLANG_WARN_DEPRECATED_OBJC_IMPLEMENTATIONS = YES;
				CLANG_WARN_DIRECT_OBJC_ISA_USAGE = YES_ERROR;
				CLANG_WARN_DOCUMENTATION_COMMENTS = YES;
				CLANG_WARN_EMPTY_BODY = YES;
				CLANG_WARN_ENUM_CONVERSION = YES;
				CLANG_WARN_INFINITE_RECURSION = YES;
				CLANG_WARN_INT_CONVERSION = YES;
				CLANG_WARN_NON_LITERAL_NULL_CONVERSION = YES;
				CLANG_WARN_OBJC_IMPLICIT_RETAIN_SELF = YES;
				CLANG_WARN_OBJC_LITERAL_CONVERSION = YES;
				CLANG_WARN_OBJC_ROOT_CLASS = YES_ERROR;
				CLANG_WARN_QUOTED_INCLUDE_IN_FRAMEWORK_HEADER = YES;
				CLANG_WARN_RANGE_LOOP_ANALYSIS = YES;
				CLANG_WARN_STRICT_PROTOTYPES = YES;
				CLANG_WARN_SUSPICIOUS_MOVE = YES;
				CLANG_WARN_UNGUARDED_AVAILABILITY = YES_AGGRESSIVE;
				CLANG_WARN_UNREACHABLE_CODE = YES;
				CLANG_WARN__DUPLICATE_METHOD_MATCH = YES;
				COPY_PHASE_STRIP = NO;
				DEBUG_INFORMATION_FORMAT = "dwarf-with-dsym";
				ENABLE_NS_ASSERTIONS = NO;
				ENABLE_STRICT_OBJC_MSGSEND = YES;
				GCC_C_LANGUAGE_STANDARD = gnu11;
				GCC_NO_COMMON_BLOCKS = YES;
				GCC_WARN_64_TO_32_BIT_CONVERSION = YES;
				GCC_WARN_ABOUT_RETURN_TYPE = YES_ERROR;
				GCC_WARN_UNDECLARED_SELECTOR = YES;
				GCC_WARN_UNINITIALIZED_AUTOS = YES_AGGRESSIVE;
				GCC_WARN_UNUSED_FUNCTION = YES;
				GCC_WARN_UNUSED_VARIABLE = YES;
				IPHONEOS_DEPLOYMENT_TARGET = 16.1;
				MTL_ENABLE_DEBUG_INFO = NO;
				MTL_FAST_MATH = YES;
				SDKROOT = iphoneos;
				SWIFT_COMPILATION_MODE = wholemodule;
				SWIFT_OPTIMIZATION_LEVEL = "-O";
				VALIDATE_PRODUCT = YES;
			};
			name = Release;
		};
		44D4FC0429AD168E008048B9 /* Debug */ = {
			isa = XCBuildConfiguration;
			buildSettings = {
				ASSETCATALOG_COMPILER_APPICON_NAME = AppIcon;
				ASSETCATALOG_COMPILER_GLOBAL_ACCENT_COLOR_NAME = AccentColor;
				CODE_SIGN_STYLE = Automatic;
				CURRENT_PROJECT_VERSION = 1;
				DEVELOPMENT_TEAM = D7FY7X5Y84;
				GENERATE_INFOPLIST_FILE = YES;
				INFOPLIST_FILE = YaImageFeed/Info.plist;
				INFOPLIST_KEY_UIApplicationSupportsIndirectInputEvents = YES;
				INFOPLIST_KEY_UILaunchStoryboardName = LaunchScreen;
				INFOPLIST_KEY_UIMainStoryboardFile = Main;
				INFOPLIST_KEY_UISupportedInterfaceOrientations = UIInterfaceOrientationPortrait;
				IPHONEOS_DEPLOYMENT_TARGET = 13.0;
				LD_RUNPATH_SEARCH_PATHS = (
					"$(inherited)",
					"@executable_path/Frameworks",
				);
				MARKETING_VERSION = 1.0;
				PRODUCT_BUNDLE_IDENTIFIER = Selick.YaImageFeed;
				PRODUCT_NAME = "$(TARGET_NAME)";
				SUPPORTED_PLATFORMS = "iphoneos iphonesimulator";
				SUPPORTS_MACCATALYST = NO;
				SUPPORTS_MAC_DESIGNED_FOR_IPHONE_IPAD = NO;
				SWIFT_EMIT_LOC_STRINGS = YES;
				SWIFT_VERSION = 5.0;
				TARGETED_DEVICE_FAMILY = 1;
			};
			name = Debug;
		};
		44D4FC0529AD168E008048B9 /* Release */ = {
			isa = XCBuildConfiguration;
			buildSettings = {
				ASSETCATALOG_COMPILER_APPICON_NAME = AppIcon;
				ASSETCATALOG_COMPILER_GLOBAL_ACCENT_COLOR_NAME = AccentColor;
				CODE_SIGN_STYLE = Automatic;
				CURRENT_PROJECT_VERSION = 1;
				DEVELOPMENT_TEAM = D7FY7X5Y84;
				GENERATE_INFOPLIST_FILE = YES;
				INFOPLIST_FILE = YaImageFeed/Info.plist;
				INFOPLIST_KEY_UIApplicationSupportsIndirectInputEvents = YES;
				INFOPLIST_KEY_UILaunchStoryboardName = LaunchScreen;
				INFOPLIST_KEY_UIMainStoryboardFile = Main;
				INFOPLIST_KEY_UISupportedInterfaceOrientations = UIInterfaceOrientationPortrait;
				IPHONEOS_DEPLOYMENT_TARGET = 13.0;
				LD_RUNPATH_SEARCH_PATHS = (
					"$(inherited)",
					"@executable_path/Frameworks",
				);
				MARKETING_VERSION = 1.0;
				PRODUCT_BUNDLE_IDENTIFIER = Selick.YaImageFeed;
				PRODUCT_NAME = "$(TARGET_NAME)";
				SUPPORTED_PLATFORMS = "iphoneos iphonesimulator";
				SUPPORTS_MACCATALYST = NO;
				SUPPORTS_MAC_DESIGNED_FOR_IPHONE_IPAD = NO;
				SWIFT_EMIT_LOC_STRINGS = YES;
				SWIFT_VERSION = 5.0;
				TARGETED_DEVICE_FAMILY = 1;
			};
			name = Release;
		};
/* End XCBuildConfiguration section */

/* Begin XCConfigurationList section */
		447DA1CD2AE97EEA001A7057 /* Build configuration list for PBXNativeTarget "YaImageFeedTests" */ = {
			isa = XCConfigurationList;
			buildConfigurations = (
				447DA1CE2AE97EEA001A7057 /* Debug */,
				447DA1CF2AE97EEA001A7057 /* Release */,
			);
			defaultConfigurationIsVisible = 0;
			defaultConfigurationName = Release;
		};
		44D4FBEA29AD168D008048B9 /* Build configuration list for PBXProject "YaImageFeed" */ = {
			isa = XCConfigurationList;
			buildConfigurations = (
				44D4FC0129AD168E008048B9 /* Debug */,
				44D4FC0229AD168E008048B9 /* Release */,
			);
			defaultConfigurationIsVisible = 0;
			defaultConfigurationName = Release;
		};
		44D4FC0329AD168E008048B9 /* Build configuration list for PBXNativeTarget "YaImageFeed" */ = {
			isa = XCConfigurationList;
			buildConfigurations = (
				44D4FC0429AD168E008048B9 /* Debug */,
				44D4FC0529AD168E008048B9 /* Release */,
			);
			defaultConfigurationIsVisible = 0;
			defaultConfigurationName = Release;
		};
/* End XCConfigurationList section */

/* Begin XCRemoteSwiftPackageReference section */
		4456D2D72A32439C00D1A792 /* XCRemoteSwiftPackageReference "ProgressHUD" */ = {
			isa = XCRemoteSwiftPackageReference;
			repositoryURL = "https://github.com/relatedcode/ProgressHUD";
			requirement = {
				kind = upToNextMajorVersion;
				minimumVersion = 13.0.0;
			};
		};
		44D43DD82A5344C500AA7EA0 /* XCRemoteSwiftPackageReference "Kingfisher" */ = {
			isa = XCRemoteSwiftPackageReference;
			repositoryURL = "https://github.com/onevcat/Kingfisher";
			requirement = {
				kind = upToNextMajorVersion;
				minimumVersion = 7.0.0;
			};
		};
		44D43DDB2A546F8F00AA7EA0 /* XCRemoteSwiftPackageReference "SwiftKeychainWrapper" */ = {
			isa = XCRemoteSwiftPackageReference;
			repositoryURL = "https://github.com/jrendel/SwiftKeychainWrapper";
			requirement = {
				kind = upToNextMajorVersion;
				minimumVersion = 4.0.0;
			};
		};
/* End XCRemoteSwiftPackageReference section */

/* Begin XCSwiftPackageProductDependency section */
		4456D2D82A32439C00D1A792 /* ProgressHUD */ = {
			isa = XCSwiftPackageProductDependency;
			package = 4456D2D72A32439C00D1A792 /* XCRemoteSwiftPackageReference "ProgressHUD" */;
			productName = ProgressHUD;
		};
		44D43DD92A5344C500AA7EA0 /* Kingfisher */ = {
			isa = XCSwiftPackageProductDependency;
			package = 44D43DD82A5344C500AA7EA0 /* XCRemoteSwiftPackageReference "Kingfisher" */;
			productName = Kingfisher;
		};
		44D43DDC2A546F8F00AA7EA0 /* SwiftKeychainWrapper */ = {
			isa = XCSwiftPackageProductDependency;
			package = 44D43DDB2A546F8F00AA7EA0 /* XCRemoteSwiftPackageReference "SwiftKeychainWrapper" */;
			productName = SwiftKeychainWrapper;
		};
/* End XCSwiftPackageProductDependency section */
	};
	rootObject = 44D4FBE729AD168D008048B9 /* Project object */;
}
